
Microsoft Visual Studio Solution File, Format Version 12.00
# Visual Studio Version 16
VisualStudioVersion = 16.0.30523.141
MinimumVisualStudioVersion = 10.0.40219.1
Project("{FAE04EC0-301F-11D3-BF4B-00C04F79EFBC}") = "RenameVideoForPlex", "RenameVideoForPlex\RenameVideoForPlex.csproj", "{334B501D-2C0F-4117-809C-9AA14AFD1983}"
EndProject
Project("{FAE04EC0-301F-11D3-BF4B-00C04F79EFBC}") = "Plex.Renaming.Engine", "PlexRenamingEngine\Plex.Renaming.Engine.csproj", "{665E9D99-41BF-4519-B7CA-561FDE5CD172}"
EndProject
Project("{FAE04EC0-301F-11D3-BF4B-00C04F79EFBC}") = "Plex.Renaming.Common", "Plex.Renaming.Common\Plex.Renaming.Common.csproj", "{6E28BA76-282D-4D47-82B3-DFD52FD82C12}"
EndProject
Global
	GlobalSection(SolutionConfigurationPlatforms) = preSolution
		Debug|Any CPU = Debug|Any CPU
		Release|Any CPU = Release|Any CPU
	EndGlobalSection
	GlobalSection(ProjectConfigurationPlatforms) = postSolution
		{334B501D-2C0F-4117-809C-9AA14AFD1983}.Debug|Any CPU.ActiveCfg = Debug|Any CPU
		{334B501D-2C0F-4117-809C-9AA14AFD1983}.Debug|Any CPU.Build.0 = Debug|Any CPU
		{334B501D-2C0F-4117-809C-9AA14AFD1983}.Release|Any CPU.ActiveCfg = Release|Any CPU
		{334B501D-2C0F-4117-809C-9AA14AFD1983}.Release|Any CPU.Build.0 = Release|Any CPU
		{665E9D99-41BF-4519-B7CA-561FDE5CD172}.Debug|Any CPU.ActiveCfg = Debug|Any CPU
		{665E9D99-41BF-4519-B7CA-561FDE5CD172}.Debug|Any CPU.Build.0 = Debug|Any CPU
		{665E9D99-41BF-4519-B7CA-561FDE5CD172}.Release|Any CPU.ActiveCfg = Release|Any CPU
		{665E9D99-41BF-4519-B7CA-561FDE5CD172}.Release|Any CPU.Build.0 = Release|Any CPU
		{6E28BA76-282D-4D47-82B3-DFD52FD82C12}.Debug|Any CPU.ActiveCfg = Debug|Any CPU
		{6E28BA76-282D-4D47-82B3-DFD52FD82C12}.Debug|Any CPU.Build.0 = Debug|Any CPU
		{6E28BA76-282D-4D47-82B3-DFD52FD82C12}.Release|Any CPU.ActiveCfg = Release|Any CPU
		{6E28BA76-282D-4D47-82B3-DFD52FD82C12}.Release|Any CPU.Build.0 = Release|Any CPU
	EndGlobalSection
	GlobalSection(SolutionProperties) = preSolution
		HideSolutionNode = FALSE
	EndGlobalSection
	GlobalSection(ExtensibilityGlobals) = postSolution
		SolutionGuid = {077AC6C9-F322-4E31-97FE-339910E531C0}
	EndGlobalSection
EndGlobal
